
Microsoft Visual Studio Solution File, Format Version 12.00
# Visual Studio 15
VisualStudioVersion = 15.0.28307.852
MinimumVisualStudioVersion = 10.0.40219.1
Project("{8BC9CEB8-8B4A-11D0-8D11-00A0C91BC942}") = "mp2_lab_Text", "mp2_lab_Text\mp2_lab_Text.vcxproj", "{C3BC50A2-092D-4915-8E18-60E87B4F6A8F}"
EndProject
Global
	GlobalSection(SolutionConfigurationPlatforms) = preSolution
		Debug|x64 = Debug|x64
		Debug|x86 = Debug|x86
		Release|x64 = Release|x64
		Release|x86 = Release|x86
	EndGlobalSection
	GlobalSection(ProjectConfigurationPlatforms) = postSolution
		{C3BC50A2-092D-4915-8E18-60E87B4F6A8F}.Debug|x64.ActiveCfg = Debug|x64
		{C3BC50A2-092D-4915-8E18-60E87B4F6A8F}.Debug|x64.Build.0 = Debug|x64
		{C3BC50A2-092D-4915-8E18-60E87B4F6A8F}.Debug|x86.ActiveCfg = Debug|Win32
		{C3BC50A2-092D-4915-8E18-60E87B4F6A8F}.Debug|x86.Build.0 = Debug|Win32
		{C3BC50A2-092D-4915-8E18-60E87B4F6A8F}.Release|x64.ActiveCfg = Release|x64
		{C3BC50A2-092D-4915-8E18-60E87B4F6A8F}.Release|x64.Build.0 = Release|x64
		{C3BC50A2-092D-4915-8E18-60E87B4F6A8F}.Release|x86.ActiveCfg = Release|Win32
		{C3BC50A2-092D-4915-8E18-60E87B4F6A8F}.Release|x86.Build.0 = Release|Win32
	EndGlobalSection
	GlobalSection(SolutionProperties) = preSolution
		HideSolutionNode = FALSE
	EndGlobalSection
	GlobalSection(ExtensibilityGlobals) = postSolution
		SolutionGuid = {D3A0794C-DC7E-4DAE-A697-0649ECE77181}
	EndGlobalSection
EndGlobal
